
Microsoft Visual Studio Solution File, Format Version 12.00
# Visual Studio Version 17
VisualStudioVersion = 17.14.36301.6 d17.14
MinimumVisualStudioVersion = 10.0.40219.1
Project("{FAE04EC0-301F-11D3-BF4B-00C04F79EFBC}") = "CryptoViewer.UI.Wpf", "CryptoViewer\CryptoViewer.UI.Wpf.csproj", "{70E09184-9A5C-4A0B-99F5-7912CEE61B6E}"
EndProject
Project("{FAE04EC0-301F-11D3-BF4B-00C04F79EFBC}") = "CryptoViewer.Infrastructure", "CryptoViewer.Infrastructure\CryptoViewer.Infrastructure.csproj", "{7FD44B3B-57E1-42B4-BF6E-783E5B9BD1E8}"
EndProject
Project("{FAE04EC0-301F-11D3-BF4B-00C04F79EFBC}") = "CryptoViewer.Core", "CryptoViewer.Core\CryptoViewer.Core.csproj", "{CDAFD2C3-51CD-43E7-92A0-7894007BB1BE}"
EndProject
Global
	GlobalSection(SolutionConfigurationPlatforms) = preSolution
		Debug|Any CPU = Debug|Any CPU
		Release|Any CPU = Release|Any CPU
	EndGlobalSection
	GlobalSection(ProjectConfigurationPlatforms) = postSolution
		{70E09184-9A5C-4A0B-99F5-7912CEE61B6E}.Debug|Any CPU.ActiveCfg = Debug|Any CPU
		{70E09184-9A5C-4A0B-99F5-7912CEE61B6E}.Debug|Any CPU.Build.0 = Debug|Any CPU
		{70E09184-9A5C-4A0B-99F5-7912CEE61B6E}.Release|Any CPU.ActiveCfg = Release|Any CPU
		{70E09184-9A5C-4A0B-99F5-7912CEE61B6E}.Release|Any CPU.Build.0 = Release|Any CPU
		{7FD44B3B-57E1-42B4-BF6E-783E5B9BD1E8}.Debug|Any CPU.ActiveCfg = Debug|Any CPU
		{7FD44B3B-57E1-42B4-BF6E-783E5B9BD1E8}.Debug|Any CPU.Build.0 = Debug|Any CPU
		{7FD44B3B-57E1-42B4-BF6E-783E5B9BD1E8}.Release|Any CPU.ActiveCfg = Release|Any CPU
		{7FD44B3B-57E1-42B4-BF6E-783E5B9BD1E8}.Release|Any CPU.Build.0 = Release|Any CPU
		{CDAFD2C3-51CD-43E7-92A0-7894007BB1BE}.Debug|Any CPU.ActiveCfg = Debug|Any CPU
		{CDAFD2C3-51CD-43E7-92A0-7894007BB1BE}.Debug|Any CPU.Build.0 = Debug|Any CPU
		{CDAFD2C3-51CD-43E7-92A0-7894007BB1BE}.Release|Any CPU.ActiveCfg = Release|Any CPU
		{CDAFD2C3-51CD-43E7-92A0-7894007BB1BE}.Release|Any CPU.Build.0 = Release|Any CPU
	EndGlobalSection
	GlobalSection(SolutionProperties) = preSolution
		HideSolutionNode = FALSE
	EndGlobalSection
	GlobalSection(ExtensibilityGlobals) = postSolution
		SolutionGuid = {98DACFCA-018C-495F-A5A0-DF970563ECAA}
	EndGlobalSection
EndGlobal
